// !$*UTF8*$!
{
	archiveVersion = 1;
	classes = {
	};
	objectVersion = 56;
	objects = {

/* Begin PBXBuildFile section */
		6AB087E72AE5963300E705DF /* Apple_frameworksApp.swift in Sources */ = {isa = PBXBuildFile; fileRef = 6AB087E62AE5963300E705DF /* Apple_frameworksApp.swift */; };
		6AB087E92AE5963300E705DF /* ContentView.swift in Sources */ = {isa = PBXBuildFile; fileRef = 6AB087E82AE5963300E705DF /* ContentView.swift */; };
		6AB087EB2AE5963400E705DF /* Assets.xcassets in Resources */ = {isa = PBXBuildFile; fileRef = 6AB087EA2AE5963400E705DF /* Assets.xcassets */; };
		6AB087EE2AE5963400E705DF /* Preview Assets.xcassets in Resources */ = {isa = PBXBuildFile; fileRef = 6AB087ED2AE5963400E705DF /* Preview Assets.xcassets */; };
		6AB087F52AE6A33C00E705DF /* Framework.swift in Sources */ = {isa = PBXBuildFile; fileRef = 6AB087F42AE6A33C00E705DF /* Framework.swift */; };
		6AB087F72AE6C73300E705DF /* FrameworkDetailView.swift in Sources */ = {isa = PBXBuildFile; fileRef = 6AB087F62AE6C73300E705DF /* FrameworkDetailView.swift */; };
		6AB087F92AE6CD8B00E705DF /* ButtonView.swift in Sources */ = {isa = PBXBuildFile; fileRef = 6AB087F82AE6CD8B00E705DF /* ButtonView.swift */; };
		6AB087FB2AE6E57F00E705DF /* FrameworkGridViewModel.swift in Sources */ = {isa = PBXBuildFile; fileRef = 6AB087FA2AE6E57F00E705DF /* FrameworkGridViewModel.swift */; };
		6AB087FD2AE7C36300E705DF /* SafariView.swift in Sources */ = {isa = PBXBuildFile; fileRef = 6AB087FC2AE7C36300E705DF /* SafariView.swift */; };
		6AB087FF2AE7EDD700E705DF /* AppFrameworkView.swift in Sources */ = {isa = PBXBuildFile; fileRef = 6AB087FE2AE7EDD700E705DF /* AppFrameworkView.swift */; };
		6AB088012AE7EEEA00E705DF /* DismissButtonView.swift in Sources */ = {isa = PBXBuildFile; fileRef = 6AB088002AE7EEEA00E705DF /* DismissButtonView.swift */; };
		6AB088032AE7F18400E705DF /* TextView.swift in Sources */ = {isa = PBXBuildFile; fileRef = 6AB088022AE7F18400E705DF /* TextView.swift */; };
/* End PBXBuildFile section */

/* Begin PBXFileReference section */
		6AB087E32AE5963300E705DF /* Apple-frameworks.app */ = {isa = PBXFileReference; explicitFileType = wrapper.application; includeInIndex = 0; path = "Apple-frameworks.app"; sourceTree = BUILT_PRODUCTS_DIR; };
		6AB087E62AE5963300E705DF /* Apple_frameworksApp.swift */ = {isa = PBXFileReference; lastKnownFileType = sourcecode.swift; path = Apple_frameworksApp.swift; sourceTree = "<group>"; };
		6AB087E82AE5963300E705DF /* ContentView.swift */ = {isa = PBXFileReference; lastKnownFileType = sourcecode.swift; path = ContentView.swift; sourceTree = "<group>"; };
		6AB087EA2AE5963400E705DF /* Assets.xcassets */ = {isa = PBXFileReference; lastKnownFileType = folder.assetcatalog; path = Assets.xcassets; sourceTree = "<group>"; };
		6AB087ED2AE5963400E705DF /* Preview Assets.xcassets */ = {isa = PBXFileReference; lastKnownFileType = folder.assetcatalog; path = "Preview Assets.xcassets"; sourceTree = "<group>"; };
		6AB087F42AE6A33C00E705DF /* Framework.swift */ = {isa = PBXFileReference; lastKnownFileType = sourcecode.swift; path = Framework.swift; sourceTree = "<group>"; };
		6AB087F62AE6C73300E705DF /* FrameworkDetailView.swift */ = {isa = PBXFileReference; lastKnownFileType = sourcecode.swift; path = FrameworkDetailView.swift; sourceTree = "<group>"; };
		6AB087F82AE6CD8B00E705DF /* ButtonView.swift */ = {isa = PBXFileReference; lastKnownFileType = sourcecode.swift; path = ButtonView.swift; sourceTree = "<group>"; };
		6AB087FA2AE6E57F00E705DF /* FrameworkGridViewModel.swift */ = {isa = PBXFileReference; lastKnownFileType = sourcecode.swift; path = FrameworkGridViewModel.swift; sourceTree = "<group>"; };
		6AB087FC2AE7C36300E705DF /* SafariView.swift */ = {isa = PBXFileReference; lastKnownFileType = sourcecode.swift; path = SafariView.swift; sourceTree = "<group>"; };
		6AB087FE2AE7EDD700E705DF /* AppFrameworkView.swift */ = {isa = PBXFileReference; lastKnownFileType = sourcecode.swift; path = AppFrameworkView.swift; sourceTree = "<group>"; };
		6AB088002AE7EEEA00E705DF /* DismissButtonView.swift */ = {isa = PBXFileReference; lastKnownFileType = sourcecode.swift; path = DismissButtonView.swift; sourceTree = "<group>"; };
		6AB088022AE7F18400E705DF /* TextView.swift */ = {isa = PBXFileReference; lastKnownFileType = sourcecode.swift; path = TextView.swift; sourceTree = "<group>"; };
/* End PBXFileReference section */

/* Begin PBXFrameworksBuildPhase section */
		6AB087E02AE5963300E705DF /* Frameworks */ = {
			isa = PBXFrameworksBuildPhase;
			buildActionMask = 2147483647;
			files = (
			);
			runOnlyForDeploymentPostprocessing = 0;
		};
/* End PBXFrameworksBuildPhase section */

/* Begin PBXGroup section */
		6AB087DA2AE5963300E705DF = {
			isa = PBXGroup;
			children = (
				6AB087E52AE5963300E705DF /* Apple-frameworks */,
				6AB087E42AE5963300E705DF /* Products */,
			);
			sourceTree = "<group>";
		};
		6AB087E42AE5963300E705DF /* Products */ = {
			isa = PBXGroup;
			children = (
				6AB087E32AE5963300E705DF /* Apple-frameworks.app */,
			);
			name = Products;
			sourceTree = "<group>";
		};
		6AB087E52AE5963300E705DF /* Apple-frameworks */ = {
			isa = PBXGroup;
			children = (
				6AB087E62AE5963300E705DF /* Apple_frameworksApp.swift */,
				6AB088042AE7F1D100E705DF /* Screens */,
				6AB0880A2AE7F31C00E705DF /* Views */,
				6AB088092AE7F30300E705DF /* Model */,
				6AB088082AE7F2EE00E705DF /* Buttons */,
				6AB088072AE7F2D400E705DF /* UIKit Components */,
				6AB087EC2AE5963400E705DF /* Preview Content */,
				6AB087EA2AE5963400E705DF /* Assets.xcassets */,
			);
			path = "Apple-frameworks";
			sourceTree = "<group>";
		};
		6AB087EC2AE5963400E705DF /* Preview Content */ = {
			isa = PBXGroup;
			children = (
				6AB087ED2AE5963400E705DF /* Preview Assets.xcassets */,
			);
			path = "Preview Content";
			sourceTree = "<group>";
		};
		6AB088042AE7F1D100E705DF /* Screens */ = {
			isa = PBXGroup;
			children = (
				6AB088052AE7F26000E705DF /* FrameworkGridView */,
				6AB088062AE7F29200E705DF /* FrameworkDetailView */,
			);
			path = Screens;
			sourceTree = "<group>";
		};
		6AB088052AE7F26000E705DF /* FrameworkGridView */ = {
			isa = PBXGroup;
			children = (
				6AB087E82AE5963300E705DF /* ContentView.swift */,
				6AB087FA2AE6E57F00E705DF /* FrameworkGridViewModel.swift */,
			);
			path = FrameworkGridView;
			sourceTree = "<group>";
		};
		6AB088062AE7F29200E705DF /* FrameworkDetailView */ = {
			isa = PBXGroup;
			children = (
				6AB087F62AE6C73300E705DF /* FrameworkDetailView.swift */,
			);
			path = FrameworkDetailView;
			sourceTree = "<group>";
		};
		6AB088072AE7F2D400E705DF /* UIKit Components */ = {
			isa = PBXGroup;
			children = (
				6AB087FC2AE7C36300E705DF /* SafariView.swift */,
			);
			path = "UIKit Components";
			sourceTree = "<group>";
		};
		6AB088082AE7F2EE00E705DF /* Buttons */ = {
			isa = PBXGroup;
			children = (
				6AB088002AE7EEEA00E705DF /* DismissButtonView.swift */,
				6AB087F82AE6CD8B00E705DF /* ButtonView.swift */,
			);
			path = Buttons;
			sourceTree = "<group>";
		};
		6AB088092AE7F30300E705DF /* Model */ = {
			isa = PBXGroup;
			children = (
				6AB087F42AE6A33C00E705DF /* Framework.swift */,
			);
			path = Model;
			sourceTree = "<group>";
		};
		6AB0880A2AE7F31C00E705DF /* Views */ = {
			isa = PBXGroup;
			children = (
				6AB088022AE7F18400E705DF /* TextView.swift */,
				6AB087FE2AE7EDD700E705DF /* AppFrameworkView.swift */,
			);
			path = Views;
			sourceTree = "<group>";
		};
/* End PBXGroup section */

/* Begin PBXNativeTarget section */
		6AB087E22AE5963300E705DF /* Apple-frameworks */ = {
			isa = PBXNativeTarget;
			buildConfigurationList = 6AB087F12AE5963400E705DF /* Build configuration list for PBXNativeTarget "Apple-frameworks" */;
			buildPhases = (
				6AB087DF2AE5963300E705DF /* Sources */,
				6AB087E02AE5963300E705DF /* Frameworks */,
				6AB087E12AE5963300E705DF /* Resources */,
			);
			buildRules = (
			);
			dependencies = (
			);
			name = "Apple-frameworks";
			productName = "Apple-frameworks";
			productReference = 6AB087E32AE5963300E705DF /* Apple-frameworks.app */;
			productType = "com.apple.product-type.application";
		};
/* End PBXNativeTarget section */

/* Begin PBXProject section */
		6AB087DB2AE5963300E705DF /* Project object */ = {
			isa = PBXProject;
			attributes = {
				BuildIndependentTargetsInParallel = 1;
				LastSwiftUpdateCheck = 1430;
				LastUpgradeCheck = 1430;
				TargetAttributes = {
					6AB087E22AE5963300E705DF = {
						CreatedOnToolsVersion = 14.3;
					};
				};
			};
			buildConfigurationList = 6AB087DE2AE5963300E705DF /* Build configuration list for PBXProject "Apple-frameworks" */;
			compatibilityVersion = "Xcode 14.0";
			developmentRegion = en;
			hasScannedForEncodings = 0;
			knownRegions = (
				en,
				Base,
			);
			mainGroup = 6AB087DA2AE5963300E705DF;
			productRefGroup = 6AB087E42AE5963300E705DF /* Products */;
			projectDirPath = "";
			projectRoot = "";
			targets = (
				6AB087E22AE5963300E705DF /* Apple-frameworks */,
			);
		};
/* End PBXProject section */

/* Begin PBXResourcesBuildPhase section */
		6AB087E12AE5963300E705DF /* Resources */ = {
			isa = PBXResourcesBuildPhase;
			buildActionMask = 2147483647;
			files = (
				6AB087EE2AE5963400E705DF /* Preview Assets.xcassets in Resources */,
				6AB087EB2AE5963400E705DF /* Assets.xcassets in Resources */,
			);
			runOnlyForDeploymentPostprocessing = 0;
		};
/* End PBXResourcesBuildPhase section */

/* Begin PBXSourcesBuildPhase section */
		6AB087DF2AE5963300E705DF /* Sources */ = {
			isa = PBXSourcesBuildPhase;
			buildActionMask = 2147483647;
			files = (
				6AB087F72AE6C73300E705DF /* FrameworkDetailView.swift in Sources */,
				6AB088012AE7EEEA00E705DF /* DismissButtonView.swift in Sources */,
				6AB087E92AE5963300E705DF /* ContentView.swift in Sources */,
				6AB087F92AE6CD8B00E705DF /* ButtonView.swift in Sources */,
				6AB087FF2AE7EDD700E705DF /* AppFrameworkView.swift in Sources */,
				6AB087F52AE6A33C00E705DF /* Framework.swift in Sources */,
				6AB087E72AE5963300E705DF /* Apple_frameworksApp.swift in Sources */,
				6AB087FB2AE6E57F00E705DF /* FrameworkGridViewModel.swift in Sources */,
				6AB087FD2AE7C36300E705DF /* SafariView.swift in Sources */,
				6AB088032AE7F18400E705DF /* TextView.swift in Sources */,
			);
			runOnlyForDeploymentPostprocessing = 0;
		};
/* End PBXSourcesBuildPhase section */

/* Begin XCBuildConfiguration section */
		6AB087EF2AE5963400E705DF /* Debug */ = {
			isa = XCBuildConfiguration;
			buildSettings = {
				ALWAYS_SEARCH_USER_PATHS = NO;
				CLANG_ANALYZER_NONNULL = YES;
				CLANG_ANALYZER_NUMBER_OBJECT_CONVERSION = YES_AGGRESSIVE;
				CLANG_CXX_LANGUAGE_STANDARD = "gnu++20";
				CLANG_ENABLE_MODULES = YES;
				CLANG_ENABLE_OBJC_ARC = YES;
				CLANG_ENABLE_OBJC_WEAK = YES;
				CLANG_WARN_BLOCK_CAPTURE_AUTORELEASING = YES;
				CLANG_WARN_BOOL_CONVERSION = YES;
				CLANG_WARN_COMMA = YES;
				CLANG_WARN_CONSTANT_CONVERSION = YES;
				CLANG_WARN_DEPRECATED_OBJC_IMPLEMENTATIONS = YES;
				CLANG_WARN_DIRECT_OBJC_ISA_USAGE = YES_ERROR;
				CLANG_WARN_DOCUMENTATION_COMMENTS = YES;
				CLANG_WARN_EMPTY_BODY = YES;
				CLANG_WARN_ENUM_CONVERSION = YES;
				CLANG_WARN_INFINITE_RECURSION = YES;
				CLANG_WARN_INT_CONVERSION = YES;
				CLANG_WARN_NON_LITERAL_NULL_CONVERSION = YES;
				CLANG_WARN_OBJC_IMPLICIT_RETAIN_SELF = YES;
				CLANG_WARN_OBJC_LITERAL_CONVERSION = YES;
				CLANG_WARN_OBJC_ROOT_CLASS = YES_ERROR;
				CLANG_WARN_QUOTED_INCLUDE_IN_FRAMEWORK_HEADER = YES;
				CLANG_WARN_RANGE_LOOP_ANALYSIS = YES;
				CLANG_WARN_STRICT_PROTOTYPES = YES;
				CLANG_WARN_SUSPICIOUS_MOVE = YES;
				CLANG_WARN_UNGUARDED_AVAILABILITY = YES_AGGRESSIVE;
				CLANG_WARN_UNREACHABLE_CODE = YES;
				CLANG_WARN__DUPLICATE_METHOD_MATCH = YES;
				COPY_PHASE_STRIP = NO;
				DEBUG_INFORMATION_FORMAT = dwarf;
				ENABLE_STRICT_OBJC_MSGSEND = YES;
				ENABLE_TESTABILITY = YES;
				GCC_C_LANGUAGE_STANDARD = gnu11;
				GCC_DYNAMIC_NO_PIC = NO;
				GCC_NO_COMMON_BLOCKS = YES;
				GCC_OPTIMIZATION_LEVEL = 0;
				GCC_PREPROCESSOR_DEFINITIONS = (
					"DEBUG=1",
					"$(inherited)",
				);
				GCC_WARN_64_TO_32_BIT_CONVERSION = YES;
				GCC_WARN_ABOUT_RETURN_TYPE = YES_ERROR;
				GCC_WARN_UNDECLARED_SELECTOR = YES;
				GCC_WARN_UNINITIALIZED_AUTOS = YES_AGGRESSIVE;
				GCC_WARN_UNUSED_FUNCTION = YES;
				GCC_WARN_UNUSED_VARIABLE = YES;
				IPHONEOS_DEPLOYMENT_TARGET = 16.4;
				MTL_ENABLE_DEBUG_INFO = INCLUDE_SOURCE;
				MTL_FAST_MATH = YES;
				ONLY_ACTIVE_ARCH = YES;
				SDKROOT = iphoneos;
				SWIFT_ACTIVE_COMPILATION_CONDITIONS = DEBUG;
				SWIFT_OPTIMIZATION_LEVEL = "-Onone";
			};
			name = Debug;
		};
		6AB087F02AE5963400E705DF /* Release */ = {
			isa = XCBuildConfiguration;
			buildSettings = {
				ALWAYS_SEARCH_USER_PATHS = NO;
				CLANG_ANALYZER_NONNULL = YES;
				CLANG_ANALYZER_NUMBER_OBJECT_CONVERSION = YES_AGGRESSIVE;
				CLANG_CXX_LANGUAGE_STANDARD = "gnu++20";
				CLANG_ENABLE_MODULES = YES;
				CLANG_ENABLE_OBJC_ARC = YES;
				CLANG_ENABLE_OBJC_WEAK = YES;
				CLANG_WARN_BLOCK_CAPTURE_AUTORELEASING = YES;
				CLANG_WARN_BOOL_CONVERSION = YES;
				CLANG_WARN_COMMA = YES;
				CLANG_WARN_CONSTANT_CONVERSION = YES;
				CLANG_WARN_DEPRECATED_OBJC_IMPLEMENTATIONS = YES;
				CLANG_WARN_DIRECT_OBJC_ISA_USAGE = YES_ERROR;
				CLANG_WARN_DOCUMENTATION_COMMENTS = YES;
				CLANG_WARN_EMPTY_BODY = YES;
				CLANG_WARN_ENUM_CONVERSION = YES;
				CLANG_WARN_INFINITE_RECURSION = YES;
				CLANG_WARN_INT_CONVERSION = YES;
				CLANG_WARN_NON_LITERAL_NULL_CONVERSION = YES;
				CLANG_WARN_OBJC_IMPLICIT_RETAIN_SELF = YES;
				CLANG_WARN_OBJC_LITERAL_CONVERSION = YES;
				CLANG_WARN_OBJC_ROOT_CLASS = YES_ERROR;
				CLANG_WARN_QUOTED_INCLUDE_IN_FRAMEWORK_HEADER = YES;
				CLANG_WARN_RANGE_LOOP_ANALYSIS = YES;
				CLANG_WARN_STRICT_PROTOTYPES = YES;
				CLANG_WARN_SUSPICIOUS_MOVE = YES;
				CLANG_WARN_UNGUARDED_AVAILABILITY = YES_AGGRESSIVE;
				CLANG_WARN_UNREACHABLE_CODE = YES;
				CLANG_WARN__DUPLICATE_METHOD_MATCH = YES;
				COPY_PHASE_STRIP = NO;
				DEBUG_INFORMATION_FORMAT = "dwarf-with-dsym";
				ENABLE_NS_ASSERTIONS = NO;
				ENABLE_STRICT_OBJC_MSGSEND = YES;
				GCC_C_LANGUAGE_STANDARD = gnu11;
				GCC_NO_COMMON_BLOCKS = YES;
				GCC_WARN_64_TO_32_BIT_CONVERSION = YES;
				GCC_WARN_ABOUT_RETURN_TYPE = YES_ERROR;
				GCC_WARN_UNDECLARED_SELECTOR = YES;
				GCC_WARN_UNINITIALIZED_AUTOS = YES_AGGRESSIVE;
				GCC_WARN_UNUSED_FUNCTION = YES;
				GCC_WARN_UNUSED_VARIABLE = YES;
				IPHONEOS_DEPLOYMENT_TARGET = 16.4;
				MTL_ENABLE_DEBUG_INFO = NO;
				MTL_FAST_MATH = YES;
				SDKROOT = iphoneos;
				SWIFT_COMPILATION_MODE = wholemodule;
				SWIFT_OPTIMIZATION_LEVEL = "-O";
				VALIDATE_PRODUCT = YES;
			};
			name = Release;
		};
		6AB087F22AE5963400E705DF /* Debug */ = {
			isa = XCBuildConfiguration;
			buildSettings = {
				ASSETCATALOG_COMPILER_APPICON_NAME = AppIcon;
				ASSETCATALOG_COMPILER_GLOBAL_ACCENT_COLOR_NAME = AccentColor;
				CODE_SIGN_STYLE = Automatic;
				CURRENT_PROJECT_VERSION = 1;
				DEVELOPMENT_ASSET_PATHS = "\"Apple-frameworks/Preview Content\"";
				DEVELOPMENT_TEAM = 5QS9CUAZ3M;
				ENABLE_PREVIEWS = YES;
				GENERATE_INFOPLIST_FILE = YES;
				INFOPLIST_KEY_UIApplicationSceneManifest_Generation = YES;
				INFOPLIST_KEY_UIApplicationSupportsIndirectInputEvents = YES;
				INFOPLIST_KEY_UILaunchScreen_Generation = YES;
				INFOPLIST_KEY_UISupportedInterfaceOrientations_iPad = "UIInterfaceOrientationPortrait UIInterfaceOrientationPortraitUpsideDown UIInterfaceOrientationLandscapeLeft UIInterfaceOrientationLandscapeRight";
				INFOPLIST_KEY_UISupportedInterfaceOrientations_iPhone = "UIInterfaceOrientationPortrait UIInterfaceOrientationLandscapeLeft UIInterfaceOrientationLandscapeRight";
				LD_RUNPATH_SEARCH_PATHS = (
					"$(inherited)",
					"@executable_path/Frameworks",
				);
				MARKETING_VERSION = 1.0;
				PRODUCT_BUNDLE_IDENTIFIER = "com.swiftui-app.Apple-frameworks";
				PRODUCT_NAME = "$(TARGET_NAME)";
				SWIFT_EMIT_LOC_STRINGS = YES;
				SWIFT_VERSION = 5.0;
				TARGETED_DEVICE_FAMILY = "1,2";
			};
			name = Debug;
		};
		6AB087F32AE5963400E705DF /* Release */ = {
			isa = XCBuildConfiguration;
			buildSettings = {
				ASSETCATALOG_COMPILER_APPICON_NAME = AppIcon;
				ASSETCATALOG_COMPILER_GLOBAL_ACCENT_COLOR_NAME = AccentColor;
				CODE_SIGN_STYLE = Automatic;
				CURRENT_PROJECT_VERSION = 1;
				DEVELOPMENT_ASSET_PATHS = "\"Apple-frameworks/Preview Content\"";
				DEVELOPMENT_TEAM = 5QS9CUAZ3M;
				ENABLE_PREVIEWS = YES;
				GENERATE_INFOPLIST_FILE = YES;
				INFOPLIST_KEY_UIApplicationSceneManifest_Generation = YES;
				INFOPLIST_KEY_UIApplicationSupportsIndirectInputEvents = YES;
				INFOPLIST_KEY_UILaunchScreen_Generation = YES;
				INFOPLIST_KEY_UISupportedInterfaceOrientations_iPad = "UIInterfaceOrientationPortrait UIInterfaceOrientationPortraitUpsideDown UIInterfaceOrientationLandscapeLeft UIInterfaceOrientationLandscapeRight";
				INFOPLIST_KEY_UISupportedInterfaceOrientations_iPhone = "UIInterfaceOrientationPortrait UIInterfaceOrientationLandscapeLeft UIInterfaceOrientationLandscapeRight";
				LD_RUNPATH_SEARCH_PATHS = (
					"$(inherited)",
					"@executable_path/Frameworks",
				);
				MARKETING_VERSION = 1.0;
				PRODUCT_BUNDLE_IDENTIFIER = "com.swiftui-app.Apple-frameworks";
				PRODUCT_NAME = "$(TARGET_NAME)";
				SWIFT_EMIT_LOC_STRINGS = YES;
				SWIFT_VERSION = 5.0;
				TARGETED_DEVICE_FAMILY = "1,2";
			};
			name = Release;
		};
/* End XCBuildConfiguration section */

/* Begin XCConfigurationList section */
		6AB087DE2AE5963300E705DF /* Build configuration list for PBXProject "Apple-frameworks" */ = {
			isa = XCConfigurationList;
			buildConfigurations = (
				6AB087EF2AE5963400E705DF /* Debug */,
				6AB087F02AE5963400E705DF /* Release */,
			);
			defaultConfigurationIsVisible = 0;
			defaultConfigurationName = Release;
		};
		6AB087F12AE5963400E705DF /* Build configuration list for PBXNativeTarget "Apple-frameworks" */ = {
			isa = XCConfigurationList;
			buildConfigurations = (
				6AB087F22AE5963400E705DF /* Debug */,
				6AB087F32AE5963400E705DF /* Release */,
			);
			defaultConfigurationIsVisible = 0;
			defaultConfigurationName = Release;
		};
/* End XCConfigurationList section */
	};
	rootObject = 6AB087DB2AE5963300E705DF /* Project object */;
}
